// !$*UTF8*$!
{
	archiveVersion = 1;
	classes = {
	};
	objectVersion = 77;
	objects = {

/* Begin PBXBuildFile section */
		B32FD7E52FE970E600B10FAE /* WhisperCppBridge in Frameworks */ = {isa = PBXBuildFile; productRef = B384A4932FE7B900009AEE1D /* WhisperCppBridge */; };
/* End PBXBuildFile section */

/* Begin PBXContainerItemProxy section */
		B3A000072FE7B900009AEE1E /* PBXContainerItemProxy */ = {
			isa = PBXContainerItemProxy;
			containerPortal = B384A47B2FE7B874009AEE1D /* Project object */;
			proxyType = 1;
			remoteGlobalIDString = B384A4822FE7B874009AEE1D;
			remoteInfo = Cordierite;
		};
/* End PBXContainerItemProxy section */

/* Begin PBXFileReference section */
		B384A4832FE7B874009AEE1D /* Cordierite.app */ = {isa = PBXFileReference; explicitFileType = wrapper.application; includeInIndex = 0; path = Cordierite.app; sourceTree = BUILT_PRODUCTS_DIR; };
		B3A000012FE7B900009AEE1E /* CordieriteTests.xctest */ = {isa = PBXFileReference; explicitFileType = wrapper.cfbundle; includeInIndex = 0; path = CordieriteTests.xctest; sourceTree = BUILT_PRODUCTS_DIR; };
/* End PBXFileReference section */

/* Begin PBXFileSystemSynchronizedRootGroup section */
		B384A4852FE7B874009AEE1D /* Cordierite */ = {
			isa = PBXFileSystemSynchronizedRootGroup;
			path = Cordierite;
			sourceTree = "<group>";
		};
		B3A000022FE7B900009AEE1E /* CordieriteTests */ = {
			isa = PBXFileSystemSynchronizedRootGroup;
			path = CordieriteTests;
			sourceTree = "<group>";
		};
/* End PBXFileSystemSynchronizedRootGroup section */

/* Begin PBXFrameworksBuildPhase section */
		B384A4802FE7B874009AEE1D /* Frameworks */ = {
			isa = PBXFrameworksBuildPhase;
			files = (
				B32FD7E52FE970E600B10FAE /* WhisperCppBridge in Frameworks */,
			);
		};
		B3A000042FE7B900009AEE1E /* Frameworks */ = {
			isa = PBXFrameworksBuildPhase;
			files = (
			);
		};
/* End PBXFrameworksBuildPhase section */

/* Begin PBXGroup section */
		B384A47A2FE7B874009AEE1D = {
			isa = PBXGroup;
			children = (
				B384A4852FE7B874009AEE1D /* Cordierite */,
				B3A000022FE7B900009AEE1E /* CordieriteTests */,
				B384A4842FE7B874009AEE1D /* Products */,
			);
			sourceTree = "<group>";
		};
		B384A4842FE7B874009AEE1D /* Products */ = {
			isa = PBXGroup;
			children = (
				B384A4832FE7B874009AEE1D /* Cordierite.app */,
				B3A000012FE7B900009AEE1E /* CordieriteTests.xctest */,
			);
			name = Products;
			sourceTree = "<group>";
		};
/* End PBXGroup section */

/* Begin PBXNativeTarget section */
		B384A4822FE7B874009AEE1D /* Cordierite */ = {
			isa = PBXNativeTarget;
			buildConfigurationList = B384A48E2FE7B875009AEE1D /* Build configuration list for PBXNativeTarget "Cordierite" */;
			buildPhases = (
				B384A47F2FE7B874009AEE1D /* Sources */,
				B384A4802FE7B874009AEE1D /* Frameworks */,
				B384A4812FE7B874009AEE1D /* Resources */,
			);
			buildRules = (
			);
			fileSystemSynchronizedGroups = (
				B384A4852FE7B874009AEE1D /* Cordierite */,
			);
			name = Cordierite;
			packageProductDependencies = (
				B384A4932FE7B900009AEE1D /* WhisperCppBridge */,
			);
			productName = Cordierite;
			productReference = B384A4832FE7B874009AEE1D /* Cordierite.app */;
			productType = "com.apple.product-type.application";
		};
		B3A000032FE7B900009AEE1E /* CordieriteTests */ = {
			isa = PBXNativeTarget;
			buildConfigurationList = B3A0000B2FE7B900009AEE1E /* Build configuration list for PBXNativeTarget "CordieriteTests" */;
			buildPhases = (
				B3A000052FE7B900009AEE1E /* Sources */,
				B3A000042FE7B900009AEE1E /* Frameworks */,
				B3A000062FE7B900009AEE1E /* Resources */,
			);
			buildRules = (
			);
			dependencies = (
				B3A000082FE7B900009AEE1E /* PBXTargetDependency */,
			);
			fileSystemSynchronizedGroups = (
				B3A000022FE7B900009AEE1E /* CordieriteTests */,
			);
			name = CordieriteTests;
			productName = CordieriteTests;
			productReference = B3A000012FE7B900009AEE1E /* CordieriteTests.xctest */;
			productType = "com.apple.product-type.bundle.unit-test";
		};
/* End PBXNativeTarget section */

/* Begin PBXResourcesBuildPhase section */
		B384A4812FE7B874009AEE1D /* Resources */ = {
			isa = PBXResourcesBuildPhase;
			files = (
			);
		};
		B3A000062FE7B900009AEE1E /* Resources */ = {
			isa = PBXResourcesBuildPhase;
			files = (
			);
		};
/* End PBXResourcesBuildPhase section */

/* Begin PBXSourcesBuildPhase section */
		B384A47F2FE7B874009AEE1D /* Sources */ = {
			isa = PBXSourcesBuildPhase;
			files = (
			);
		};
		B3A000052FE7B900009AEE1E /* Sources */ = {
			isa = PBXSourcesBuildPhase;
			files = (
			);
		};
/* End PBXSourcesBuildPhase section */

/* Begin PBXTargetDependency section */
		B3A000082FE7B900009AEE1E /* PBXTargetDependency */ = {
			isa = PBXTargetDependency;
			target = B384A4822FE7B874009AEE1D /* Cordierite */;
			targetProxy = B3A000072FE7B900009AEE1E /* PBXContainerItemProxy */;
		};
/* End PBXTargetDependency section */

/* Begin PBXProject section */
		B384A47B2FE7B874009AEE1D /* Project object */ = {
			isa = PBXProject;
			attributes = {
				BuildIndependentTargetsInParallel = 1;
				LastSwiftUpdateCheck = 2600;
				LastUpgradeCheck = 2600;
				TargetAttributes = {
					B384A4822FE7B874009AEE1D = {
						CreatedOnToolsVersion = 26.0;
					};
					B3A000032FE7B900009AEE1E = {
						CreatedOnToolsVersion = 26.0;
						TestTargetID = B384A4822FE7B874009AEE1D;
					};
				};
			};
			buildConfigurationList = B384A47E2FE7B874009AEE1D /* Build configuration list for PBXProject "Cordierite" */;
			developmentRegion = en;
			hasScannedForEncodings = 0;
			knownRegions = (
				en,
				Base,
			);
			mainGroup = B384A47A2FE7B874009AEE1D;
			minimizedProjectReferenceProxies = 1;
			packageReferences = (
				B384A4922FE7B900009AEE1D /* XCLocalSwiftPackageReference "Packages/WhisperCpp" */,
			);
			preferredProjectObjectVersion = 77;
			productRefGroup = B384A4842FE7B874009AEE1D /* Products */;
			projectDirPath = "";
			projectRoot = "";
			targets = (
				B384A4822FE7B874009AEE1D /* Cordierite */,
				B3A000032FE7B900009AEE1E /* CordieriteTests */,
			);
		};
/* End PBXProject section */

/* Begin XCBuildConfiguration section */
		B384A48C2FE7B875009AEE1D /* Debug configuration for PBXProject "Cordierite" */ = {
			isa = XCBuildConfiguration;
			buildSettings = {
				ALWAYS_SEARCH_USER_PATHS = NO;
				ASSETCATALOG_COMPILER_GENERATE_SWIFT_ASSET_SYMBOL_EXTENSIONS = YES;
				CLANG_ANALYZER_NONNULL = YES;
				CLANG_ANALYZER_NUMBER_OBJECT_CONVERSION = YES_AGGRESSIVE;
				CLANG_CXX_LANGUAGE_STANDARD = "gnu++20";
				CLANG_ENABLE_MODULES = YES;
				CLANG_ENABLE_OBJC_ARC = YES;
				CLANG_ENABLE_OBJC_WEAK = YES;
				CLANG_WARN_BLOCK_CAPTURE_AUTORELEASING = YES;
				CLANG_WARN_BOOL_CONVERSION = YES;
				CLANG_WARN_COMMA = YES;
				CLANG_WARN_CONSTANT_CONVERSION = YES;
				CLANG_WARN_DEPRECATED_OBJC_IMPLEMENTATIONS = YES;
				CLANG_WARN_DIRECT_OBJC_ISA_USAGE = YES_ERROR;
				CLANG_WARN_DOCUMENTATION_COMMENTS = YES;
				CLANG_WARN_EMPTY_BODY = YES;
				CLANG_WARN_ENUM_CONVERSION = YES;
				CLANG_WARN_INFINITE_RECURSION = YES;
				CLANG_WARN_INT_CONVERSION = YES;
				CLANG_WARN_NON_LITERAL_NULL_CONVERSION = YES;
				CLANG_WARN_OBJC_IMPLICIT_RETAIN_SELF = YES;
				CLANG_WARN_OBJC_LITERAL_CONVERSION = YES;
				CLANG_WARN_OBJC_ROOT_CLASS = YES_ERROR;
				CLANG_WARN_QUOTED_INCLUDE_IN_FRAMEWORK_HEADER = YES;
				CLANG_WARN_RANGE_LOOP_ANALYSIS = YES;
				CLANG_WARN_STRICT_PROTOTYPES = YES;
				CLANG_WARN_SUSPICIOUS_MOVE = YES;
				CLANG_WARN_UNGUARDED_AVAILABILITY = YES_AGGRESSIVE;
				CLANG_WARN_UNREACHABLE_CODE = YES;
				CLANG_WARN__DUPLICATE_METHOD_MATCH = YES;
				COPY_PHASE_STRIP = NO;
				DEBUG_INFORMATION_FORMAT = dwarf;
				DEVELOPMENT_TEAM = CW2TZCWHCA;
				ENABLE_STRICT_OBJC_MSGSEND = YES;
				ENABLE_TESTABILITY = YES;
				ENABLE_USER_SCRIPT_SANDBOXING = YES;
				GCC_C_LANGUAGE_STANDARD = gnu17;
				GCC_DYNAMIC_NO_PIC = NO;
				GCC_NO_COMMON_BLOCKS = YES;
				GCC_OPTIMIZATION_LEVEL = 0;
				GCC_PREPROCESSOR_DEFINITIONS = (
					"DEBUG=1",
					"$(inherited)",
				);
				GCC_WARN_64_TO_32_BIT_CONVERSION = YES;
				GCC_WARN_ABOUT_RETURN_TYPE = YES_ERROR;
				GCC_WARN_UNDECLARED_SELECTOR = YES;
				GCC_WARN_UNINITIALIZED_AUTOS = YES_AGGRESSIVE;
				GCC_WARN_UNUSED_FUNCTION = YES;
				GCC_WARN_UNUSED_VARIABLE = YES;
				LOCALIZATION_PREFERS_STRING_CATALOGS = YES;
				MACOSX_DEPLOYMENT_TARGET = 26.0;
				MTL_ENABLE_DEBUG_INFO = INCLUDE_SOURCE;
				MTL_FAST_MATH = YES;
				ONLY_ACTIVE_ARCH = YES;
				SDKROOT = macosx;
				SWIFT_ACTIVE_COMPILATION_CONDITIONS = "DEBUG $(inherited)";
				SWIFT_OPTIMIZATION_LEVEL = "-Onone";
			};
			name = Debug;
		};
		B384A48D2FE7B875009AEE1D /* Release configuration for PBXProject "Cordierite" */ = {
			isa = XCBuildConfiguration;
			buildSettings = {
				ALWAYS_SEARCH_USER_PATHS = NO;
				ASSETCATALOG_COMPILER_GENERATE_SWIFT_ASSET_SYMBOL_EXTENSIONS = YES;
				CLANG_ANALYZER_NONNULL = YES;
				CLANG_ANALYZER_NUMBER_OBJECT_CONVERSION = YES_AGGRESSIVE;
				CLANG_CXX_LANGUAGE_STANDARD = "gnu++20";
				CLANG_ENABLE_MODULES = YES;
				CLANG_ENABLE_OBJC_ARC = YES;
				CLANG_ENABLE_OBJC_WEAK = YES;
				CLANG_WARN_BLOCK_CAPTURE_AUTORELEASING = YES;
				CLANG_WARN_BOOL_CONVERSION = YES;
				CLANG_WARN_COMMA = YES;
				CLANG_WARN_CONSTANT_CONVERSION = YES;
				CLANG_WARN_DEPRECATED_OBJC_IMPLEMENTATIONS = YES;
				CLANG_WARN_DIRECT_OBJC_ISA_USAGE = YES_ERROR;
				CLANG_WARN_DOCUMENTATION_COMMENTS = YES;
				CLANG_WARN_EMPTY_BODY = YES;
				CLANG_WARN_ENUM_CONVERSION = YES;
				CLANG_WARN_INFINITE_RECURSION = YES;
				CLANG_WARN_INT_CONVERSION = YES;
				CLANG_WARN_NON_LITERAL_NULL_CONVERSION = YES;
				CLANG_WARN_OBJC_IMPLICIT_RETAIN_SELF = YES;
				CLANG_WARN_OBJC_LITERAL_CONVERSION = YES;
				CLANG_WARN_OBJC_ROOT_CLASS = YES_ERROR;
				CLANG_WARN_QUOTED_INCLUDE_IN_FRAMEWORK_HEADER = YES;
				CLANG_WARN_RANGE_LOOP_ANALYSIS = YES;
				CLANG_WARN_STRICT_PROTOTYPES = YES;
				CLANG_WARN_SUSPICIOUS_MOVE = YES;
				CLANG_WARN_UNGUARDED_AVAILABILITY = YES_AGGRESSIVE;
				CLANG_WARN_UNREACHABLE_CODE = YES;
				CLANG_WARN__DUPLICATE_METHOD_MATCH = YES;
				COPY_PHASE_STRIP = NO;
				DEBUG_INFORMATION_FORMAT = "dwarf-with-dsym";
				DEVELOPMENT_TEAM = CW2TZCWHCA;
				ENABLE_NS_ASSERTIONS = NO;
				ENABLE_STRICT_OBJC_MSGSEND = YES;
				ENABLE_USER_SCRIPT_SANDBOXING = YES;
				GCC_C_LANGUAGE_STANDARD = gnu17;
				GCC_NO_COMMON_BLOCKS = YES;
				GCC_WARN_64_TO_32_BIT_CONVERSION = YES;
				GCC_WARN_ABOUT_RETURN_TYPE = YES_ERROR;
				GCC_WARN_UNDECLARED_SELECTOR = YES;
				GCC_WARN_UNINITIALIZED_AUTOS = YES_AGGRESSIVE;
				GCC_WARN_UNUSED_FUNCTION = YES;
				GCC_WARN_UNUSED_VARIABLE = YES;
				LOCALIZATION_PREFERS_STRING_CATALOGS = YES;
				MACOSX_DEPLOYMENT_TARGET = 26.0;
				MTL_ENABLE_DEBUG_INFO = NO;
				MTL_FAST_MATH = YES;
				SDKROOT = macosx;
				SWIFT_COMPILATION_MODE = wholemodule;
			};
			name = Release;
		};
		B384A48F2FE7B875009AEE1D /* Debug configuration for PBXNativeTarget "Cordierite" */ = {
			isa = XCBuildConfiguration;
			buildSettings = {
				ASSETCATALOG_COMPILER_APPICON_NAME = AppIcon;
				ASSETCATALOG_COMPILER_GLOBAL_ACCENT_COLOR_NAME = AccentColor;
				CODE_SIGN_ENTITLEMENTS = Cordierite/Cordierite.entitlements;
				CODE_SIGN_STYLE = Automatic;
				COMBINE_HIDPI_IMAGES = YES;
				CURRENT_PROJECT_VERSION = 1;
				DEVELOPMENT_TEAM = CW2TZCWHCA;
				ENABLE_APP_SANDBOX = YES;
				ENABLE_HARDENED_RUNTIME = YES;
				ENABLE_PREVIEWS = YES;
				ENABLE_USER_SELECTED_FILES = readonly;
				GENERATE_INFOPLIST_FILE = YES;
				INFOPLIST_KEY_CFBundleDisplayName = Cordierite;
				INFOPLIST_KEY_LSUIElement = YES;
				INFOPLIST_KEY_NSHumanReadableCopyright = "\U00a9 2026 Veltiosoft Inc.";
				INFOPLIST_KEY_NSMicrophoneUsageDescription = "Cordierite uses the microphone to transcribe your speech into text.";
				INFOPLIST_KEY_NSSpeechRecognitionUsageDescription = "Cordierite uses speech recognition to convert your speech into text on your Mac.";
				LD_RUNPATH_SEARCH_PATHS = (
					"$(inherited)",
					"@executable_path/../Frameworks",
				);
				MARKETING_VERSION = 1.0;
				PRODUCT_BUNDLE_IDENTIFIER = com.veltiosoft.Cordierite;
				PRODUCT_NAME = "$(TARGET_NAME)";
				REGISTER_APP_GROUPS = YES;
				STRING_CATALOG_GENERATE_SYMBOLS = YES;
				SWIFT_APPROACHABLE_CONCURRENCY = YES;
				SWIFT_DEFAULT_ACTOR_ISOLATION = MainActor;
				SWIFT_EMIT_LOC_STRINGS = YES;
				SWIFT_UPCOMING_FEATURE_MEMBER_IMPORT_VISIBILITY = YES;
				SWIFT_VERSION = 6.0;
			};
			name = Debug;
		};
		B384A4902FE7B875009AEE1D /* Release configuration for PBXNativeTarget "Cordierite" */ = {
			isa = XCBuildConfiguration;
			buildSettings = {
				ASSETCATALOG_COMPILER_APPICON_NAME = AppIcon;
				ASSETCATALOG_COMPILER_GLOBAL_ACCENT_COLOR_NAME = AccentColor;
				CODE_SIGN_ENTITLEMENTS = Cordierite/Cordierite.entitlements;
				CODE_SIGN_STYLE = Automatic;
				COMBINE_HIDPI_IMAGES = YES;
				CURRENT_PROJECT_VERSION = 1;
				DEVELOPMENT_TEAM = CW2TZCWHCA;
				ENABLE_APP_SANDBOX = YES;
				ENABLE_HARDENED_RUNTIME = YES;
				ENABLE_PREVIEWS = YES;
				ENABLE_USER_SELECTED_FILES = readonly;
				GENERATE_INFOPLIST_FILE = YES;
				INFOPLIST_KEY_CFBundleDisplayName = Cordierite;
				INFOPLIST_KEY_LSUIElement = YES;
				INFOPLIST_KEY_NSHumanReadableCopyright = "\U00a9 2026 Veltiosoft Inc.";
				INFOPLIST_KEY_NSMicrophoneUsageDescription = "Cordierite uses the microphone to transcribe your speech into text.";
				INFOPLIST_KEY_NSSpeechRecognitionUsageDescription = "Cordierite uses speech recognition to convert your speech into text on your Mac.";
				LD_RUNPATH_SEARCH_PATHS = (
					"$(inherited)",
					"@executable_path/../Frameworks",
				);
				MARKETING_VERSION = 1.0;
				PRODUCT_BUNDLE_IDENTIFIER = com.veltiosoft.Cordierite;
				PRODUCT_NAME = "$(TARGET_NAME)";
				REGISTER_APP_GROUPS = YES;
				STRING_CATALOG_GENERATE_SYMBOLS = YES;
				SWIFT_APPROACHABLE_CONCURRENCY = YES;
				SWIFT_DEFAULT_ACTOR_ISOLATION = MainActor;
				SWIFT_EMIT_LOC_STRINGS = YES;
				SWIFT_UPCOMING_FEATURE_MEMBER_IMPORT_VISIBILITY = YES;
				SWIFT_VERSION = 6.0;
			};
			name = Release;
		};
		B3A000092FE7B900009AEE1E /* Debug configuration for PBXNativeTarget "CordieriteTests" */ = {
			isa = XCBuildConfiguration;
			buildSettings = {
				BUNDLE_LOADER = "$(TEST_HOST)";
				CODE_SIGN_STYLE = Automatic;
				CURRENT_PROJECT_VERSION = 1;
				DEVELOPMENT_TEAM = CW2TZCWHCA;
				GENERATE_INFOPLIST_FILE = YES;
				LD_RUNPATH_SEARCH_PATHS = (
					"$(inherited)",
					"@executable_path/../Frameworks",
					"@loader_path/../Frameworks",
				);
				MACOSX_DEPLOYMENT_TARGET = 26.0;
				MARKETING_VERSION = 1.0;
				PRODUCT_BUNDLE_IDENTIFIER = com.veltiosoft.CordieriteTests;
				PRODUCT_NAME = "$(TARGET_NAME)";
				SWIFT_APPROACHABLE_CONCURRENCY = YES;
				SWIFT_EMIT_LOC_STRINGS = NO;
				SWIFT_UPCOMING_FEATURE_MEMBER_IMPORT_VISIBILITY = YES;
				SWIFT_VERSION = 6.0;
				TEST_HOST = "$(BUILT_PRODUCTS_DIR)/Cordierite.app/Contents/MacOS/Cordierite";
			};
			name = Debug;
		};
		B3A0000A2FE7B900009AEE1E /* Release configuration for PBXNativeTarget "CordieriteTests" */ = {
			isa = XCBuildConfiguration;
			buildSettings = {
				BUNDLE_LOADER = "$(TEST_HOST)";
				CODE_SIGN_STYLE = Automatic;
				CURRENT_PROJECT_VERSION = 1;
				DEVELOPMENT_TEAM = CW2TZCWHCA;
				GENERATE_INFOPLIST_FILE = YES;
				LD_RUNPATH_SEARCH_PATHS = (
					"$(inherited)",
					"@executable_path/../Frameworks",
					"@loader_path/../Frameworks",
				);
				MACOSX_DEPLOYMENT_TARGET = 26.0;
				MARKETING_VERSION = 1.0;
				PRODUCT_BUNDLE_IDENTIFIER = com.veltiosoft.CordieriteTests;
				PRODUCT_NAME = "$(TARGET_NAME)";
				SWIFT_APPROACHABLE_CONCURRENCY = YES;
				SWIFT_EMIT_LOC_STRINGS = NO;
				SWIFT_UPCOMING_FEATURE_MEMBER_IMPORT_VISIBILITY = YES;
				SWIFT_VERSION = 6.0;
				TEST_HOST = "$(BUILT_PRODUCTS_DIR)/Cordierite.app/Contents/MacOS/Cordierite";
			};
			name = Release;
		};
/* End XCBuildConfiguration section */

/* Begin XCConfigurationList section */
		B384A47E2FE7B874009AEE1D /* Build configuration list for PBXProject "Cordierite" */ = {
			isa = XCConfigurationList;
			buildConfigurations = (
				B384A48C2FE7B875009AEE1D /* Debug configuration for PBXProject "Cordierite" */,
				B384A48D2FE7B875009AEE1D /* Release configuration for PBXProject "Cordierite" */,
			);
			defaultConfigurationName = Release;
		};
		B384A48E2FE7B875009AEE1D /* Build configuration list for PBXNativeTarget "Cordierite" */ = {
			isa = XCConfigurationList;
			buildConfigurations = (
				B384A48F2FE7B875009AEE1D /* Debug configuration for PBXNativeTarget "Cordierite" */,
				B384A4902FE7B875009AEE1D /* Release configuration for PBXNativeTarget "Cordierite" */,
			);
			defaultConfigurationName = Release;
		};
		B3A0000B2FE7B900009AEE1E /* Build configuration list for PBXNativeTarget "CordieriteTests" */ = {
			isa = XCConfigurationList;
			buildConfigurations = (
				B3A000092FE7B900009AEE1E /* Debug configuration for PBXNativeTarget "CordieriteTests" */,
				B3A0000A2FE7B900009AEE1E /* Release configuration for PBXNativeTarget "CordieriteTests" */,
			);
			defaultConfigurationName = Release;
		};
/* End XCConfigurationList section */

/* Begin XCLocalSwiftPackageReference section */
		B384A4922FE7B900009AEE1D /* XCLocalSwiftPackageReference "Packages/WhisperCpp" */ = {
			isa = XCLocalSwiftPackageReference;
			relativePath = Packages/WhisperCpp;
		};
/* End XCLocalSwiftPackageReference section */

/* Begin XCSwiftPackageProductDependency section */
		B384A4932FE7B900009AEE1D /* WhisperCppBridge */ = {
			isa = XCSwiftPackageProductDependency;
			package = B384A4922FE7B900009AEE1D /* XCLocalSwiftPackageReference "Packages/WhisperCpp" */;
			productName = WhisperCppBridge;
		};
/* End XCSwiftPackageProductDependency section */
	};
	rootObject = B384A47B2FE7B874009AEE1D /* Project object */;
	validationLevel = 1;
}
